// !$*UTF8*$!
{
	archiveVersion = 1;
	classes = {
	};
	objectVersion = 56;
	objects = {

/* Begin PBXBuildFile section */
		BF391E372BC3D2980069DAFB /* CustomButton.swift in Sources */ = {isa = PBXBuildFile; fileRef = BF391E362BC3D2980069DAFB /* CustomButton.swift */; };
		BF391E3A2BC3F7460069DAFB /* ItemLocationMainPage.swift in Sources */ = {isa = PBXBuildFile; fileRef = BF391E392BC3F7460069DAFB /* ItemLocationMainPage.swift */; };
		BF78E40E2BBEA85E005C4459 /* WorkToolApp.swift in Sources */ = {isa = PBXBuildFile; fileRef = BF78E40D2BBEA85E005C4459 /* WorkToolApp.swift */; };
		BF78E4102BBEA85E005C4459 /* ContentView.swift in Sources */ = {isa = PBXBuildFile; fileRef = BF78E40F2BBEA85E005C4459 /* ContentView.swift */; };
		BF78E4122BBEA85F005C4459 /* Assets.xcassets in Resources */ = {isa = PBXBuildFile; fileRef = BF78E4112BBEA85F005C4459 /* Assets.xcassets */; };
		BF78E4152BBEA85F005C4459 /* Preview Assets.xcassets in Resources */ = {isa = PBXBuildFile; fileRef = BF78E4142BBEA85F005C4459 /* Preview Assets.xcassets */; };
		BF78E41E2BBEA95B005C4459 /* FreezerViewModel.swift in Sources */ = {isa = PBXBuildFile; fileRef = BF78E41D2BBEA95B005C4459 /* FreezerViewModel.swift */; };
		BF78E4202BBEA97F005C4459 /* Freezer.swift in Sources */ = {isa = PBXBuildFile; fileRef = BF78E41F2BBEA97F005C4459 /* Freezer.swift */; };
		BF78E4222BBEA996005C4459 /* freezerTempPage.swift in Sources */ = {isa = PBXBuildFile; fileRef = BF78E4212BBEA996005C4459 /* freezerTempPage.swift */; };
		BF78E4242BBEA9C3005C4459 /* navigationBar.swift in Sources */ = {isa = PBXBuildFile; fileRef = BF78E4232BBEA9C3005C4459 /* navigationBar.swift */; };
		BF78E4262BBEA9DD005C4459 /* example.swift in Sources */ = {isa = PBXBuildFile; fileRef = BF78E4252BBEA9DD005C4459 /* example.swift */; };
		BF78E4302BBFDCE9005C4459 /* AttendanceMainPage.swift in Sources */ = {isa = PBXBuildFile; fileRef = BF78E42F2BBFDCE9005C4459 /* AttendanceMainPage.swift */; };
		BF78E43D2BC28442005C4459 /* ClockInView.swift in Sources */ = {isa = PBXBuildFile; fileRef = BF78E43C2BC28442005C4459 /* ClockInView.swift */; };
		BF78E43F2BC2845B005C4459 /* AttendanceHistoryView.swift in Sources */ = {isa = PBXBuildFile; fileRef = BF78E43E2BC2845B005C4459 /* AttendanceHistoryView.swift */; };
		BF90A6162BC6940700479245 /* Attendance.swift in Sources */ = {isa = PBXBuildFile; fileRef = BF90A6152BC6940700479245 /* Attendance.swift */; };
		BF90A6182BC694E400479245 /* AttendanceViewModel.swift in Sources */ = {isa = PBXBuildFile; fileRef = BF90A6172BC694E400479245 /* AttendanceViewModel.swift */; };
		BF90A61B2BC697B200479245 /* DateUtil.swift in Sources */ = {isa = PBXBuildFile; fileRef = BF90A61A2BC697B200479245 /* DateUtil.swift */; };
/* End PBXBuildFile section */

/* Begin PBXFileReference section */
		BF391E362BC3D2980069DAFB /* CustomButton.swift */ = {isa = PBXFileReference; lastKnownFileType = sourcecode.swift; path = CustomButton.swift; sourceTree = "<group>"; };
		BF391E392BC3F7460069DAFB /* ItemLocationMainPage.swift */ = {isa = PBXFileReference; lastKnownFileType = sourcecode.swift; path = ItemLocationMainPage.swift; sourceTree = "<group>"; };
		BF78E40A2BBEA85E005C4459 /* WorkTool.app */ = {isa = PBXFileReference; explicitFileType = wrapper.application; includeInIndex = 0; path = WorkTool.app; sourceTree = BUILT_PRODUCTS_DIR; };
		BF78E40D2BBEA85E005C4459 /* WorkToolApp.swift */ = {isa = PBXFileReference; lastKnownFileType = sourcecode.swift; path = WorkToolApp.swift; sourceTree = "<group>"; };
		BF78E40F2BBEA85E005C4459 /* ContentView.swift */ = {isa = PBXFileReference; lastKnownFileType = sourcecode.swift; path = ContentView.swift; sourceTree = "<group>"; };
		BF78E4112BBEA85F005C4459 /* Assets.xcassets */ = {isa = PBXFileReference; lastKnownFileType = folder.assetcatalog; path = Assets.xcassets; sourceTree = "<group>"; };
		BF78E4142BBEA85F005C4459 /* Preview Assets.xcassets */ = {isa = PBXFileReference; lastKnownFileType = folder.assetcatalog; path = "Preview Assets.xcassets"; sourceTree = "<group>"; };
		BF78E41D2BBEA95B005C4459 /* FreezerViewModel.swift */ = {isa = PBXFileReference; lastKnownFileType = sourcecode.swift; path = FreezerViewModel.swift; sourceTree = "<group>"; };
		BF78E41F2BBEA97F005C4459 /* Freezer.swift */ = {isa = PBXFileReference; lastKnownFileType = sourcecode.swift; path = Freezer.swift; sourceTree = "<group>"; };
		BF78E4212BBEA996005C4459 /* freezerTempPage.swift */ = {isa = PBXFileReference; lastKnownFileType = sourcecode.swift; path = freezerTempPage.swift; sourceTree = "<group>"; };
		BF78E4232BBEA9C3005C4459 /* navigationBar.swift */ = {isa = PBXFileReference; lastKnownFileType = sourcecode.swift; path = navigationBar.swift; sourceTree = "<group>"; };
		BF78E4252BBEA9DD005C4459 /* example.swift */ = {isa = PBXFileReference; lastKnownFileType = sourcecode.swift; path = example.swift; sourceTree = "<group>"; };
		BF78E42F2BBFDCE9005C4459 /* AttendanceMainPage.swift */ = {isa = PBXFileReference; lastKnownFileType = sourcecode.swift; path = AttendanceMainPage.swift; sourceTree = "<group>"; };
		BF78E43C2BC28442005C4459 /* ClockInView.swift */ = {isa = PBXFileReference; lastKnownFileType = sourcecode.swift; path = ClockInView.swift; sourceTree = "<group>"; };
		BF78E43E2BC2845B005C4459 /* AttendanceHistoryView.swift */ = {isa = PBXFileReference; lastKnownFileType = sourcecode.swift; path = AttendanceHistoryView.swift; sourceTree = "<group>"; };
		BF90A6152BC6940700479245 /* Attendance.swift */ = {isa = PBXFileReference; lastKnownFileType = sourcecode.swift; path = Attendance.swift; sourceTree = "<group>"; };
		BF90A6172BC694E400479245 /* AttendanceViewModel.swift */ = {isa = PBXFileReference; lastKnownFileType = sourcecode.swift; path = AttendanceViewModel.swift; sourceTree = "<group>"; };
		BF90A61A2BC697B200479245 /* DateUtil.swift */ = {isa = PBXFileReference; lastKnownFileType = sourcecode.swift; path = DateUtil.swift; sourceTree = "<group>"; };
/* End PBXFileReference section */

/* Begin PBXFrameworksBuildPhase section */
		BF78E4072BBEA85E005C4459 /* Frameworks */ = {
			isa = PBXFrameworksBuildPhase;
			buildActionMask = 2147483647;
			files = (
			);
			runOnlyForDeploymentPostprocessing = 0;
		};
/* End PBXFrameworksBuildPhase section */

/* Begin PBXGroup section */
		BF391E352BC3D24A0069DAFB /* Component */ = {
			isa = PBXGroup;
			children = (
				BF391E362BC3D2980069DAFB /* CustomButton.swift */,
			);
			path = Component;
			sourceTree = "<group>";
		};
		BF391E382BC3F7320069DAFB /* ItemLocationPage */ = {
			isa = PBXGroup;
			children = (
				BF391E392BC3F7460069DAFB /* ItemLocationMainPage.swift */,
			);
			path = ItemLocationPage;
			sourceTree = "<group>";
		};
		BF78E4012BBEA85E005C4459 = {
			isa = PBXGroup;
			children = (
				BF78E40C2BBEA85E005C4459 /* WorkTool */,
				BF78E40B2BBEA85E005C4459 /* Products */,
			);
			sourceTree = "<group>";
		};
		BF78E40B2BBEA85E005C4459 /* Products */ = {
			isa = PBXGroup;
			children = (
				BF78E40A2BBEA85E005C4459 /* WorkTool.app */,
			);
			name = Products;
			sourceTree = "<group>";
		};
		BF78E40C2BBEA85E005C4459 /* WorkTool */ = {
			isa = PBXGroup;
			children = (
				BF90A6192BC697A800479245 /* Util */,
				BF391E382BC3F7320069DAFB /* ItemLocationPage */,
				BF391E352BC3D24A0069DAFB /* Component */,
				BF78E42A2BBFDB6C005C4459 /* AttendancePage */,
				BF78E41C2BBEA93F005C4459 /* ViewModel */,
				BF78E41B2BBEA935005C4459 /* Model */,
				BF78E40D2BBEA85E005C4459 /* WorkToolApp.swift */,
				BF78E4212BBEA996005C4459 /* freezerTempPage.swift */,
				BF78E40F2BBEA85E005C4459 /* ContentView.swift */,
				BF78E4232BBEA9C3005C4459 /* navigationBar.swift */,
				BF78E4252BBEA9DD005C4459 /* example.swift */,
				BF78E4112BBEA85F005C4459 /* Assets.xcassets */,
				BF78E4132BBEA85F005C4459 /* Preview Content */,
			);
			path = WorkTool;
			sourceTree = "<group>";
		};
		BF78E4132BBEA85F005C4459 /* Preview Content */ = {
			isa = PBXGroup;
			children = (
				BF78E4142BBEA85F005C4459 /* Preview Assets.xcassets */,
			);
			path = "Preview Content";
			sourceTree = "<group>";
		};
		BF78E41B2BBEA935005C4459 /* Model */ = {
			isa = PBXGroup;
			children = (
				BF78E41F2BBEA97F005C4459 /* Freezer.swift */,
				BF90A6152BC6940700479245 /* Attendance.swift */,
			);
			path = Model;
			sourceTree = "<group>";
		};
		BF78E41C2BBEA93F005C4459 /* ViewModel */ = {
			isa = PBXGroup;
			children = (
				BF78E41D2BBEA95B005C4459 /* FreezerViewModel.swift */,
				BF90A6172BC694E400479245 /* AttendanceViewModel.swift */,
			);
			path = ViewModel;
			sourceTree = "<group>";
		};
		BF78E42A2BBFDB6C005C4459 /* AttendancePage */ = {
			isa = PBXGroup;
			children = (
				BF78E42F2BBFDCE9005C4459 /* AttendanceMainPage.swift */,
				BF78E43C2BC28442005C4459 /* ClockInView.swift */,
				BF78E43E2BC2845B005C4459 /* AttendanceHistoryView.swift */,
			);
			path = AttendancePage;
			sourceTree = "<group>";
		};
		BF90A6192BC697A800479245 /* Util */ = {
			isa = PBXGroup;
			children = (
				BF90A61A2BC697B200479245 /* DateUtil.swift */,
			);
			path = Util;
			sourceTree = "<group>";
		};
/* End PBXGroup section */

/* Begin PBXNativeTarget section */
		BF78E4092BBEA85E005C4459 /* WorkTool */ = {
			isa = PBXNativeTarget;
			buildConfigurationList = BF78E4182BBEA85F005C4459 /* Build configuration list for PBXNativeTarget "WorkTool" */;
			buildPhases = (
				BF78E4062BBEA85E005C4459 /* Sources */,
				BF78E4072BBEA85E005C4459 /* Frameworks */,
				BF78E4082BBEA85E005C4459 /* Resources */,
			);
			buildRules = (
			);
			dependencies = (
			);
			name = WorkTool;
			productName = WorkTool;
			productReference = BF78E40A2BBEA85E005C4459 /* WorkTool.app */;
			productType = "com.apple.product-type.application";
		};
/* End PBXNativeTarget section */

/* Begin PBXProject section */
		BF78E4022BBEA85E005C4459 /* Project object */ = {
			isa = PBXProject;
			attributes = {
				BuildIndependentTargetsInParallel = 1;
				LastSwiftUpdateCheck = 1530;
				LastUpgradeCheck = 1530;
				TargetAttributes = {
					BF78E4092BBEA85E005C4459 = {
						CreatedOnToolsVersion = 15.3;
					};
				};
			};
			buildConfigurationList = BF78E4052BBEA85E005C4459 /* Build configuration list for PBXProject "WorkTool" */;
			compatibilityVersion = "Xcode 14.0";
			developmentRegion = en;
			hasScannedForEncodings = 0;
			knownRegions = (
				en,
				Base,
			);
			mainGroup = BF78E4012BBEA85E005C4459;
			productRefGroup = BF78E40B2BBEA85E005C4459 /* Products */;
			projectDirPath = "";
			projectRoot = "";
			targets = (
				BF78E4092BBEA85E005C4459 /* WorkTool */,
			);
		};
/* End PBXProject section */

/* Begin PBXResourcesBuildPhase section */
		BF78E4082BBEA85E005C4459 /* Resources */ = {
			isa = PBXResourcesBuildPhase;
			buildActionMask = 2147483647;
			files = (
				BF78E4152BBEA85F005C4459 /* Preview Assets.xcassets in Resources */,
				BF78E4122BBEA85F005C4459 /* Assets.xcassets in Resources */,
			);
			runOnlyForDeploymentPostprocessing = 0;
		};
/* End PBXResourcesBuildPhase section */

/* Begin PBXSourcesBuildPhase section */
		BF78E4062BBEA85E005C4459 /* Sources */ = {
			isa = PBXSourcesBuildPhase;
			buildActionMask = 2147483647;
			files = (
				BF78E43F2BC2845B005C4459 /* AttendanceHistoryView.swift in Sources */,
				BF78E4262BBEA9DD005C4459 /* example.swift in Sources */,
				BF78E4222BBEA996005C4459 /* freezerTempPage.swift in Sources */,
				BF391E3A2BC3F7460069DAFB /* ItemLocationMainPage.swift in Sources */,
				BF78E4242BBEA9C3005C4459 /* navigationBar.swift in Sources */,
				BF78E4302BBFDCE9005C4459 /* AttendanceMainPage.swift in Sources */,
				BF90A61B2BC697B200479245 /* DateUtil.swift in Sources */,
				BF78E41E2BBEA95B005C4459 /* FreezerViewModel.swift in Sources */,
				BF78E4102BBEA85E005C4459 /* ContentView.swift in Sources */,
				BF391E372BC3D2980069DAFB /* CustomButton.swift in Sources */,
				BF78E40E2BBEA85E005C4459 /* WorkToolApp.swift in Sources */,
				BF78E43D2BC28442005C4459 /* ClockInView.swift in Sources */,
				BF90A6162BC6940700479245 /* Attendance.swift in Sources */,
				BF78E4202BBEA97F005C4459 /* Freezer.swift in Sources */,
				BF90A6182BC694E400479245 /* AttendanceViewModel.swift in Sources */,
			);
			runOnlyForDeploymentPostprocessing = 0;
		};
/* End PBXSourcesBuildPhase section */

/* Begin XCBuildConfiguration section */
		BF78E4162BBEA85F005C4459 /* Debug */ = {
			isa = XCBuildConfiguration;
			buildSettings = {
				ALWAYS_SEARCH_USER_PATHS = NO;
				ASSETCATALOG_COMPILER_GENERATE_SWIFT_ASSET_SYMBOL_EXTENSIONS = YES;
				CLANG_ANALYZER_NONNULL = YES;
				CLANG_ANALYZER_NUMBER_OBJECT_CONVERSION = YES_AGGRESSIVE;
				CLANG_CXX_LANGUAGE_STANDARD = "gnu++20";
				CLANG_ENABLE_MODULES = YES;
				CLANG_ENABLE_OBJC_ARC = YES;
				CLANG_ENABLE_OBJC_WEAK = YES;
				CLANG_WARN_BLOCK_CAPTURE_AUTORELEASING = YES;
				CLANG_WARN_BOOL_CONVERSION = YES;
				CLANG_WARN_COMMA = YES;
				CLANG_WARN_CONSTANT_CONVERSION = YES;
				CLANG_WARN_DEPRECATED_OBJC_IMPLEMENTATIONS = YES;
				CLANG_WARN_DIRECT_OBJC_ISA_USAGE = YES_ERROR;
				CLANG_WARN_DOCUMENTATION_COMMENTS = YES;
				CLANG_WARN_EMPTY_BODY = YES;
				CLANG_WARN_ENUM_CONVERSION = YES;
				CLANG_WARN_INFINITE_RECURSION = YES;
				CLANG_WARN_INT_CONVERSION = YES;
				CLANG_WARN_NON_LITERAL_NULL_CONVERSION = YES;
				CLANG_WARN_OBJC_IMPLICIT_RETAIN_SELF = YES;
				CLANG_WARN_OBJC_LITERAL_CONVERSION = YES;
				CLANG_WARN_OBJC_ROOT_CLASS = YES_ERROR;
				CLANG_WARN_QUOTED_INCLUDE_IN_FRAMEWORK_HEADER = YES;
				CLANG_WARN_RANGE_LOOP_ANALYSIS = YES;
				CLANG_WARN_STRICT_PROTOTYPES = YES;
				CLANG_WARN_SUSPICIOUS_MOVE = YES;
				CLANG_WARN_UNGUARDED_AVAILABILITY = YES_AGGRESSIVE;
				CLANG_WARN_UNREACHABLE_CODE = YES;
				CLANG_WARN__DUPLICATE_METHOD_MATCH = YES;
				COPY_PHASE_STRIP = NO;
				DEBUG_INFORMATION_FORMAT = dwarf;
				ENABLE_STRICT_OBJC_MSGSEND = YES;
				ENABLE_TESTABILITY = YES;
				ENABLE_USER_SCRIPT_SANDBOXING = YES;
				GCC_C_LANGUAGE_STANDARD = gnu17;
				GCC_DYNAMIC_NO_PIC = NO;
				GCC_NO_COMMON_BLOCKS = YES;
				GCC_OPTIMIZATION_LEVEL = 0;
				GCC_PREPROCESSOR_DEFINITIONS = (
					"DEBUG=1",
					"$(inherited)",
				);
				GCC_WARN_64_TO_32_BIT_CONVERSION = YES;
				GCC_WARN_ABOUT_RETURN_TYPE = YES_ERROR;
				GCC_WARN_UNDECLARED_SELECTOR = YES;
				GCC_WARN_UNINITIALIZED_AUTOS = YES_AGGRESSIVE;
				GCC_WARN_UNUSED_FUNCTION = YES;
				GCC_WARN_UNUSED_VARIABLE = YES;
				IPHONEOS_DEPLOYMENT_TARGET = 17.4;
				LOCALIZATION_PREFERS_STRING_CATALOGS = YES;
				MTL_ENABLE_DEBUG_INFO = INCLUDE_SOURCE;
				MTL_FAST_MATH = YES;
				ONLY_ACTIVE_ARCH = YES;
				SDKROOT = iphoneos;
				SWIFT_ACTIVE_COMPILATION_CONDITIONS = "DEBUG $(inherited)";
				SWIFT_OPTIMIZATION_LEVEL = "-Onone";
			};
			name = Debug;
		};
		BF78E4172BBEA85F005C4459 /* Release */ = {
			isa = XCBuildConfiguration;
			buildSettings = {
				ALWAYS_SEARCH_USER_PATHS = NO;
				ASSETCATALOG_COMPILER_GENERATE_SWIFT_ASSET_SYMBOL_EXTENSIONS = YES;
				CLANG_ANALYZER_NONNULL = YES;
				CLANG_ANALYZER_NUMBER_OBJECT_CONVERSION = YES_AGGRESSIVE;
				CLANG_CXX_LANGUAGE_STANDARD = "gnu++20";
				CLANG_ENABLE_MODULES = YES;
				CLANG_ENABLE_OBJC_ARC = YES;
				CLANG_ENABLE_OBJC_WEAK = YES;
				CLANG_WARN_BLOCK_CAPTURE_AUTORELEASING = YES;
				CLANG_WARN_BOOL_CONVERSION = YES;
				CLANG_WARN_COMMA = YES;
				CLANG_WARN_CONSTANT_CONVERSION = YES;
				CLANG_WARN_DEPRECATED_OBJC_IMPLEMENTATIONS = YES;
				CLANG_WARN_DIRECT_OBJC_ISA_USAGE = YES_ERROR;
				CLANG_WARN_DOCUMENTATION_COMMENTS = YES;
				CLANG_WARN_EMPTY_BODY = YES;
				CLANG_WARN_ENUM_CONVERSION = YES;
				CLANG_WARN_INFINITE_RECURSION = YES;
				CLANG_WARN_INT_CONVERSION = YES;
				CLANG_WARN_NON_LITERAL_NULL_CONVERSION = YES;
				CLANG_WARN_OBJC_IMPLICIT_RETAIN_SELF = YES;
				CLANG_WARN_OBJC_LITERAL_CONVERSION = YES;
				CLANG_WARN_OBJC_ROOT_CLASS = YES_ERROR;
				CLANG_WARN_QUOTED_INCLUDE_IN_FRAMEWORK_HEADER = YES;
				CLANG_WARN_RANGE_LOOP_ANALYSIS = YES;
				CLANG_WARN_STRICT_PROTOTYPES = YES;
				CLANG_WARN_SUSPICIOUS_MOVE = YES;
				CLANG_WARN_UNGUARDED_AVAILABILITY = YES_AGGRESSIVE;
				CLANG_WARN_UNREACHABLE_CODE = YES;
				CLANG_WARN__DUPLICATE_METHOD_MATCH = YES;
				COPY_PHASE_STRIP = NO;
				DEBUG_INFORMATION_FORMAT = "dwarf-with-dsym";
				ENABLE_NS_ASSERTIONS = NO;
				ENABLE_STRICT_OBJC_MSGSEND = YES;
				ENABLE_USER_SCRIPT_SANDBOXING = YES;
				GCC_C_LANGUAGE_STANDARD = gnu17;
				GCC_NO_COMMON_BLOCKS = YES;
				GCC_WARN_64_TO_32_BIT_CONVERSION = YES;
				GCC_WARN_ABOUT_RETURN_TYPE = YES_ERROR;
				GCC_WARN_UNDECLARED_SELECTOR = YES;
				GCC_WARN_UNINITIALIZED_AUTOS = YES_AGGRESSIVE;
				GCC_WARN_UNUSED_FUNCTION = YES;
				GCC_WARN_UNUSED_VARIABLE = YES;
				IPHONEOS_DEPLOYMENT_TARGET = 17.4;
				LOCALIZATION_PREFERS_STRING_CATALOGS = YES;
				MTL_ENABLE_DEBUG_INFO = NO;
				MTL_FAST_MATH = YES;
				SDKROOT = iphoneos;
				SWIFT_COMPILATION_MODE = wholemodule;
				VALIDATE_PRODUCT = YES;
			};
			name = Release;
		};
		BF78E4192BBEA85F005C4459 /* Debug */ = {
			isa = XCBuildConfiguration;
			buildSettings = {
				ASSETCATALOG_COMPILER_APPICON_NAME = AppIcon;
				ASSETCATALOG_COMPILER_GLOBAL_ACCENT_COLOR_NAME = AccentColor;
				CODE_SIGN_STYLE = Automatic;
				CURRENT_PROJECT_VERSION = 1;
				DEVELOPMENT_ASSET_PATHS = "\"WorkTool/Preview Content\"";
				DEVELOPMENT_TEAM = 32R94J8ZC9;
				ENABLE_PREVIEWS = YES;
				GENERATE_INFOPLIST_FILE = YES;
				INFOPLIST_KEY_UIApplicationSceneManifest_Generation = YES;
				INFOPLIST_KEY_UIApplicationSupportsIndirectInputEvents = YES;
				INFOPLIST_KEY_UILaunchScreen_Generation = YES;
				INFOPLIST_KEY_UISupportedInterfaceOrientations_iPad = "UIInterfaceOrientationPortrait UIInterfaceOrientationPortraitUpsideDown UIInterfaceOrientationLandscapeLeft UIInterfaceOrientationLandscapeRight";
				INFOPLIST_KEY_UISupportedInterfaceOrientations_iPhone = "UIInterfaceOrientationPortrait UIInterfaceOrientationLandscapeLeft UIInterfaceOrientationLandscapeRight";
				INFOPLIST_KEY_UIUserInterfaceStyle = Light;
				IPHONEOS_DEPLOYMENT_TARGET = 17.0;
				LD_RUNPATH_SEARCH_PATHS = (
					"$(inherited)",
					"@executable_path/Frameworks",
				);
				MARKETING_VERSION = 1.0;
				PRODUCT_BUNDLE_IDENTIFIER = com.louis.WorkTool;
				PRODUCT_NAME = "$(TARGET_NAME)";
				SWIFT_EMIT_LOC_STRINGS = YES;
				SWIFT_VERSION = 5.0;
				TARGETED_DEVICE_FAMILY = "1,2";
			};
			name = Debug;
		};
		BF78E41A2BBEA85F005C4459 /* Release */ = {
			isa = XCBuildConfiguration;
			buildSettings = {
				ASSETCATALOG_COMPILER_APPICON_NAME = AppIcon;
				ASSETCATALOG_COMPILER_GLOBAL_ACCENT_COLOR_NAME = AccentColor;
				CODE_SIGN_STYLE = Automatic;
				CURRENT_PROJECT_VERSION = 1;
				DEVELOPMENT_ASSET_PATHS = "\"WorkTool/Preview Content\"";
				DEVELOPMENT_TEAM = 32R94J8ZC9;
				ENABLE_PREVIEWS = YES;
				GENERATE_INFOPLIST_FILE = YES;
				INFOPLIST_KEY_UIApplicationSceneManifest_Generation = YES;
				INFOPLIST_KEY_UIApplicationSupportsIndirectInputEvents = YES;
				INFOPLIST_KEY_UILaunchScreen_Generation = YES;
				INFOPLIST_KEY_UISupportedInterfaceOrientations_iPad = "UIInterfaceOrientationPortrait UIInterfaceOrientationPortraitUpsideDown UIInterfaceOrientationLandscapeLeft UIInterfaceOrientationLandscapeRight";
				INFOPLIST_KEY_UISupportedInterfaceOrientations_iPhone = "UIInterfaceOrientationPortrait UIInterfaceOrientationLandscapeLeft UIInterfaceOrientationLandscapeRight";
				INFOPLIST_KEY_UIUserInterfaceStyle = Light;
				IPHONEOS_DEPLOYMENT_TARGET = 17.0;
				LD_RUNPATH_SEARCH_PATHS = (
					"$(inherited)",
					"@executable_path/Frameworks",
				);
				MARKETING_VERSION = 1.0;
				PRODUCT_BUNDLE_IDENTIFIER = com.louis.WorkTool;
				PRODUCT_NAME = "$(TARGET_NAME)";
				SWIFT_EMIT_LOC_STRINGS = YES;
				SWIFT_VERSION = 5.0;
				TARGETED_DEVICE_FAMILY = "1,2";
			};
			name = Release;
		};
/* End XCBuildConfiguration section */

/* Begin XCConfigurationList section */
		BF78E4052BBEA85E005C4459 /* Build configuration list for PBXProject "WorkTool" */ = {
			isa = XCConfigurationList;
			buildConfigurations = (
				BF78E4162BBEA85F005C4459 /* Debug */,
				BF78E4172BBEA85F005C4459 /* Release */,
			);
			defaultConfigurationIsVisible = 0;
			defaultConfigurationName = Release;
		};
		BF78E4182BBEA85F005C4459 /* Build configuration list for PBXNativeTarget "WorkTool" */ = {
			isa = XCConfigurationList;
			buildConfigurations = (
				BF78E4192BBEA85F005C4459 /* Debug */,
				BF78E41A2BBEA85F005C4459 /* Release */,
			);
			defaultConfigurationIsVisible = 0;
			defaultConfigurationName = Release;
		};
/* End XCConfigurationList section */
	};
	rootObject = BF78E4022BBEA85E005C4459 /* Project object */;
}
